# THIS IS AN AUTOGENERATED FILE. DO NOT EDIT THIS FILE DIRECTLY.
# yarn lockfile v1


"@types/d3-array@*":
  version "3.2.2"
  resolved "https://registry.yarnpkg.com/@types/d3-array/-/d3-array-3.2.2.tgz#e02151464d02d4a1b44646d0fcdb93faf88fde8c"
  integrity sha512-hOLWVbm7uRza0BYXpIIW5pxfrKe0W+D5lrFiAEYR+pb6w3N2SwSMaJbXdUfSEv+dT4MfHBLtn5js0LAWaO6otw==

"@types/d3-axis@*":
  version "3.0.6"
  resolved "https://registry.yarnpkg.com/@types/d3-axis/-/d3-axis-3.0.6.tgz#e760e5765b8188b1defa32bc8bb6062f81e4c795"
  integrity sha512-pYeijfZuBd87T0hGn0FO1vQ/cgLk6E1ALJjfkC0oJ8cbwkZl3TpgS8bVBLZN+2jjGgg38epgxb2zmoGtSfvgMw==
  dependencies:
    "@types/d3-selection" "*"

"@types/d3-brush@*":
  version "3.0.6"
  resolved "https://registry.yarnpkg.com/@types/d3-brush/-/d3-brush-3.0.6.tgz#c2f4362b045d472e1b186cdbec329ba52bdaee6c"
  integrity sha512-nH60IZNNxEcrh6L1ZSMNA28rj27ut/2ZmI3r96Zd+1jrZD++zD3LsMIjWlvg4AYrHn/Pqz4CF3veCxGjtbqt7A==
  dependencies:
    "@types/d3-selection" "*"

"@types/d3-chord@*":
  version "3.0.6"
  resolved "https://registry.yarnpkg.com/@types/d3-chord/-/d3-chord-3.0.6.tgz#1706ca40cf7ea59a0add8f4456efff8f8775793d"
  integrity sha512-LFYWWd8nwfwEmTZG9PfQxd17HbNPksHBiJHaKuY1XeqscXacsS2tyoo6OdRsjf+NQYeB6XrNL3a25E3gH69lcg==

"@types/d3-color@*":
  version "3.1.3"
  resolved "https://registry.yarnpkg.com/@types/d3-color/-/d3-color-3.1.3.tgz#368c961a18de721da8200e80bf3943fb53136af2"
  integrity sha512-iO90scth9WAbmgv7ogoq57O9YpKmFBbmoEoCHDB2xMBY0+/KVrqAaCDyCE16dUspeOvIxFFRI+0sEtqDqy2b4A==

"@types/d3-contour@*":
  version "3.0.6"
  resolved "https://registry.yarnpkg.com/@types/d3-contour/-/d3-contour-3.0.6.tgz#9ada3fa9c4d00e3a5093fed0356c7ab929604231"
  integrity sha512-BjzLgXGnCWjUSYGfH1cpdo41/hgdWETu4YxpezoztawmqsvCeep+8QGfiY6YbDvfgHz/DkjeIkkZVJavB4a3rg==
  dependencies:
    "@types/d3-array" "*"
    "@types/geojson" "*"

"@types/d3-delaunay@*":
  version "6.0.4"
  resolved "https://registry.yarnpkg.com/@types/d3-delaunay/-/d3-delaunay-6.0.4.tgz#185c1a80cc807fdda2a3fe960f7c11c4a27952e1"
  integrity sha512-ZMaSKu4THYCU6sV64Lhg6qjf1orxBthaC161plr5KuPHo3CNm8DTHiLw/5Eq2b6TsNP0W0iJrUOFscY6Q450Hw==

"@types/d3-dispatch@*":
  version "3.0.7"
  resolved "https://registry.yarnpkg.com/@types/d3-dispatch/-/d3-dispatch-3.0.7.tgz#ef004d8a128046cfce434d17182f834e44ef95b2"
  integrity sha512-5o9OIAdKkhN1QItV2oqaE5KMIiXAvDWBDPrD85e58Qlz1c1kI/J0NcqbEG88CoTwJrYe7ntUCVfeUl2UJKbWgA==

"@types/d3-drag@*":
  version "3.0.7"
  resolved "https://registry.yarnpkg.com/@types/d3-drag/-/d3-drag-3.0.7.tgz#b13aba8b2442b4068c9a9e6d1d82f8bcea77fc02"
  integrity sha512-HE3jVKlzU9AaMazNufooRJ5ZpWmLIoc90A37WU2JMmeq28w1FQqCZswHZ3xR+SuxYftzHq6WU6KJHvqxKzTxxQ==
  dependencies:
    "@types/d3-selection" "*"

"@types/d3-dsv@*":
  version "3.0.7"
  resolved "https://registry.yarnpkg.com/@types/d3-dsv/-/d3-dsv-3.0.7.tgz#0a351f996dc99b37f4fa58b492c2d1c04e3dac17"
  integrity sha512-n6QBF9/+XASqcKK6waudgL0pf/S5XHPPI8APyMLLUHd8NqouBGLsU8MgtO7NINGtPBtk9Kko/W4ea0oAspwh9g==

"@types/d3-ease@*":
  version "3.0.2"
  resolved "https://registry.yarnpkg.com/@types/d3-ease/-/d3-ease-3.0.2.tgz#e28db1bfbfa617076f7770dd1d9a48eaa3b6c51b"
  integrity sha512-NcV1JjO5oDzoK26oMzbILE6HW7uVXOHLQvHshBUW4UMdZGfiY6v5BeQwh9a9tCzv+CeefZQHJt5SRgK154RtiA==

"@types/d3-fetch@*":
  version "3.0.7"
  resolved "https://registry.yarnpkg.com/@types/d3-fetch/-/d3-fetch-3.0.7.tgz#c04a2b4f23181aa376f30af0283dbc7b3b569980"
  integrity sha512-fTAfNmxSb9SOWNB9IoG5c8Hg6R+AzUHDRlsXsDZsNp6sxAEOP0tkP3gKkNSO/qmHPoBFTxNrjDprVHDQDvo5aA==
  dependencies:
    "@types/d3-dsv" "*"

"@types/d3-force@*":
  version "3.0.10"
  resolved "https://registry.yarnpkg.com/@types/d3-force/-/d3-force-3.0.10.tgz#6dc8fc6e1f35704f3b057090beeeb7ac674bff1a"
  integrity sha512-ZYeSaCF3p73RdOKcjj+swRlZfnYpK1EbaDiYICEEp5Q6sUiqFaFQ9qgoshp5CzIyyb/yD09kD9o2zEltCexlgw==

"@types/d3-format@*":
  version "3.0.4"
  resolved "https://registry.yarnpkg.com/@types/d3-format/-/d3-format-3.0.4.tgz#b1e4465644ddb3fdf3a263febb240a6cd616de90"
  integrity sha512-fALi2aI6shfg7vM5KiR1wNJnZ7r6UuggVqtDA+xiEdPZQwy/trcQaHnwShLuLdta2rTymCNpxYTiMZX/e09F4g==

"@types/d3-geo@*":
  version "3.1.0"
  resolved "https://registry.yarnpkg.com/@types/d3-geo/-/d3-geo-3.1.0.tgz#b9e56a079449174f0a2c8684a9a4df3f60522440"
  integrity sha512-856sckF0oP/diXtS4jNsiQw/UuK5fQG8l/a9VVLeSouf1/PPbBE1i1W852zVwKwYCBkFJJB7nCFTbk6UMEXBOQ==
  dependencies:
    "@types/geojson" "*"

"@types/d3-hierarchy@*":
  version "3.1.7"
  resolved "https://registry.yarnpkg.com/@types/d3-hierarchy/-/d3-hierarchy-3.1.7.tgz#6023fb3b2d463229f2d680f9ac4b47466f71f17b"
  integrity sha512-tJFtNoYBtRtkNysX1Xq4sxtjK8YgoWUNpIiUee0/jHGRwqvzYxkq0hGVbbOGSz+JgFxxRu4K8nb3YpG3CMARtg==

"@types/d3-interpolate@*":
  version "3.0.4"
  resolved "https://registry.yarnpkg.com/@types/d3-interpolate/-/d3-interpolate-3.0.4.tgz#412b90e84870285f2ff8a846c6eb60344f12a41c"
  integrity sha512-mgLPETlrpVV1YRJIglr4Ez47g7Yxjl1lj7YKsiMCb27VJH9W8NVM6Bb9d8kkpG/uAQS5AmbA48q2IAolKKo1MA==
  dependencies:
    "@types/d3-color" "*"

"@types/d3-path@*":
  version "3.1.1"
  resolved "https://registry.yarnpkg.com/@types/d3-path/-/d3-path-3.1.1.tgz#f632b380c3aca1dba8e34aa049bcd6a4af23df8a"
  integrity sha512-VMZBYyQvbGmWyWVea0EHs/BwLgxc+MKi1zLDCONksozI4YJMcTt8ZEuIR4Sb1MMTE8MMW49v0IwI5+b7RmfWlg==

"@types/d3-polygon@*":
  version "3.0.2"
  resolved "https://registry.yarnpkg.com/@types/d3-polygon/-/d3-polygon-3.0.2.tgz#dfae54a6d35d19e76ac9565bcb32a8e54693189c"
  integrity sha512-ZuWOtMaHCkN9xoeEMr1ubW2nGWsp4nIql+OPQRstu4ypeZ+zk3YKqQT0CXVe/PYqrKpZAi+J9mTs05TKwjXSRA==

"@types/d3-quadtree@*":
  version "3.0.6"
  resolved "https://registry.yarnpkg.com/@types/d3-quadtree/-/d3-quadtree-3.0.6.tgz#d4740b0fe35b1c58b66e1488f4e7ed02952f570f"
  integrity sha512-oUzyO1/Zm6rsxKRHA1vH0NEDG58HrT5icx/azi9MF1TWdtttWl0UIUsjEQBBh+SIkrpd21ZjEv7ptxWys1ncsg==

"@types/d3-random@*":
  version "3.0.3"
  resolved "https://registry.yarnpkg.com/@types/d3-random/-/d3-random-3.0.3.tgz#ed995c71ecb15e0cd31e22d9d5d23942e3300cfb"
  integrity sha512-Imagg1vJ3y76Y2ea0871wpabqp613+8/r0mCLEBfdtqC7xMSfj9idOnmBYyMoULfHePJyxMAw3nWhJxzc+LFwQ==

"@types/d3-scale-chromatic@*":
  version "3.1.0"
  resolved "https://registry.yarnpkg.com/@types/d3-scale-chromatic/-/d3-scale-chromatic-3.1.0.tgz#dc6d4f9a98376f18ea50bad6c39537f1b5463c39"
  integrity sha512-iWMJgwkK7yTRmWqRB5plb1kadXyQ5Sj8V/zYlFGMUBbIPKQScw+Dku9cAAMgJG+z5GYDoMjWGLVOvjghDEFnKQ==

"@types/d3-scale@*":
  version "4.0.9"
  resolved "https://registry.yarnpkg.com/@types/d3-scale/-/d3-scale-4.0.9.tgz#57a2f707242e6fe1de81ad7bfcccaaf606179afb"
  integrity sha512-dLmtwB8zkAeO/juAMfnV+sItKjlsw2lKdZVVy6LRr0cBmegxSABiLEpGVmSJJ8O08i4+sGR6qQtb6WtuwJdvVw==
  dependencies:
    "@types/d3-time" "*"

"@types/d3-selection@*":
  version "3.0.11"
  resolved "https://registry.yarnpkg.com/@types/d3-selection/-/d3-selection-3.0.11.tgz#bd7a45fc0a8c3167a631675e61bc2ca2b058d4a3"
  integrity sha512-bhAXu23DJWsrI45xafYpkQ4NtcKMwWnAC/vKrd2l+nxMFuvOT3XMYTIj2opv8vq8AO5Yh7Qac/nSeP/3zjTK0w==

"@types/d3-shape@*":
  version "3.1.8"
  resolved "https://registry.yarnpkg.com/@types/d3-shape/-/d3-shape-3.1.8.tgz#d1516cc508753be06852cd06758e3bb54a22b0e3"
  integrity sha512-lae0iWfcDeR7qt7rA88BNiqdvPS5pFVPpo5OfjElwNaT2yyekbM0C9vK+yqBqEmHr6lDkRnYNoTBYlAgJa7a4w==
  dependencies:
    "@types/d3-path" "*"

"@types/d3-time-format@*":
  version "4.0.3"
  resolved "https://registry.yarnpkg.com/@types/d3-time-format/-/d3-time-format-4.0.3.tgz#d6bc1e6b6a7db69cccfbbdd4c34b70632d9e9db2"
  integrity sha512-5xg9rC+wWL8kdDj153qZcsJ0FWiFt0J5RB6LYUNZjwSnesfblqrI/bJ1wBdJ8OQfncgbJG5+2F+qfqnqyzYxyg==

"@types/d3-time@*":
  version "3.0.4"
  resolved "https://registry.yarnpkg.com/@types/d3-time/-/d3-time-3.0.4.tgz#8472feecd639691450dd8000eb33edd444e1323f"
  integrity sha512-yuzZug1nkAAaBlBBikKZTgzCeA+k1uy4ZFwWANOfKw5z5LRhV0gNA7gNkKm7HoK+HRN0wX3EkxGk0fpbWhmB7g==

"@types/d3-timer@*":
  version "3.0.2"
  resolved "https://registry.yarnpkg.com/@types/d3-timer/-/d3-timer-3.0.2.tgz#70bbda77dc23aa727413e22e214afa3f0e852f70"
  integrity sha512-Ps3T8E8dZDam6fUyNiMkekK3XUsaUEik+idO9/YjPtfj2qruF8tFBXS7XhtE4iIXBLxhmLjP3SXpLhVf21I9Lw==

"@types/d3-transition@*":
  version "3.0.9"
  resolved "https://registry.yarnpkg.com/@types/d3-transition/-/d3-transition-3.0.9.tgz#1136bc57e9ddb3c390dccc9b5ff3b7d2b8d94706"
  integrity sha512-uZS5shfxzO3rGlu0cC3bjmMFKsXv+SmZZcgp0KD22ts4uGXp5EVYGzu/0YdwZeKmddhcAccYtREJKkPfXkZuCg==
  dependencies:
    "@types/d3-selection" "*"

"@types/d3-zoom@*":
  version "3.0.8"
  resolved "https://registry.yarnpkg.com/@types/d3-zoom/-/d3-zoom-3.0.8.tgz#dccb32d1c56b1e1c6e0f1180d994896f038bc40b"
  integrity sha512-iqMC4/YlFCSlO8+2Ii1GGGliCAY4XdeG748w5vQUbevlbDu0zSjH/+jojorQVBK/se0j6DUFNPBGSqD3YWYnDw==
  dependencies:
    "@types/d3-interpolate" "*"
    "@types/d3-selection" "*"

"@types/d3@^7.4.0":
  version "7.4.3"
  resolved "https://registry.yarnpkg.com/@types/d3/-/d3-7.4.3.tgz#d4550a85d08f4978faf0a4c36b848c61eaac07e2"
  integrity sha512-lZXZ9ckh5R8uiFVt8ogUNf+pIrK4EsWrx2Np75WvF/eTpJ0FMHNhjXk8CKEx/+gpHbNQyJWehbFaTvqmHWB3ww==
  dependencies:
    "@types/d3-array" "*"
    "@types/d3-axis" "*"
    "@types/d3-brush" "*"
    "@types/d3-chord" "*"
    "@types/d3-color" "*"
    "@types/d3-contour" "*"
    "@types/d3-delaunay" "*"
    "@types/d3-dispatch" "*"
    "@types/d3-drag" "*"
    "@types/d3-dsv" "*"
    "@types/d3-ease" "*"
    "@types/d3-fetch" "*"
    "@types/d3-force" "*"
    "@types/d3-format" "*"
    "@types/d3-geo" "*"
    "@types/d3-hierarchy" "*"
    "@types/d3-interpolate" "*"
    "@types/d3-path" "*"
    "@types/d3-polygon" "*"
    "@types/d3-quadtree" "*"
    "@types/d3-random" "*"
    "@types/d3-scale" "*"
    "@types/d3-scale-chromatic" "*"
    "@types/d3-selection" "*"
    "@types/d3-shape" "*"
    "@types/d3-time" "*"
    "@types/d3-time-format" "*"
    "@types/d3-timer" "*"
    "@types/d3-transition" "*"
    "@types/d3-zoom" "*"

"@types/geojson@*":
  version "7946.0.16"
  resolved "https://registry.yarnpkg.com/@types/geojson/-/geojson-7946.0.16.tgz#8ebe53d69efada7044454e3305c19017d97ced2a"
  integrity sha512-6C8nqWur3j98U6+lXDfTUWIfgvZU+EumvpHKcYjujKH7woYyLj2sUmff0tRhrqM7BohUw7Pz3ZB1jj2gW9Fvmg==

"@types/seedrandom@^3.0.2":
  version "3.0.8"
  resolved "https://registry.yarnpkg.com/@types/seedrandom/-/seedrandom-3.0.8.tgz#61cc8ed88f93a3c31289c295e6df8ca40be42bdf"
  integrity sha512-TY1eezMU2zH2ozQoAFAQFOPpvP15g+ZgSfTZt31AUUH/Rxtnz3H+A/Sv1Snw2/amp//omibc+AEkTaA8KUeOLQ==

"@zilliz/feder@^1.0.7":
  version "1.0.7"
  resolved "https://registry.yarnpkg.com/@zilliz/feder/-/feder-1.0.7.tgz#b2388d984e9b4a966217af342c3d88848ceefc90"
  integrity sha512-NeM6UoDmKAG/HaDO6qkmAPvtdBMJq61umy+5z9sH+ua9rDow891xM2uklC9x5DTh/JJU3OK/mFlDOVPZ+FUmsw==
  dependencies:
    "@types/d3" "^7.4.0"
    "@types/seedrandom" "^3.0.2"
    d3 "^7.4.4"
    d3-fetch "^3.0.1"
    seedrandom "^3.0.5"
    tsne-js "^1.0.3"
    umap-js "^1.3.3"

acorn@^7.1.1:
  version "7.4.1"
  resolved "https://registry.yarnpkg.com/acorn/-/acorn-7.4.1.tgz#feaed255973d2e77555b83dbc08851a6c63520fa"
  integrity sha512-nQyp0o1/mNdbTO1PO6kHkwSrmgZ0MT/jCCpNiwbUjGoRN4dlBhqJtoQuCnEOKzgTVwg0ZWiCoQy6SxMebQVh8A==

align-text@^0.1.1, align-text@^0.1.3:
  version "0.1.4"
  resolved "https://registry.yarnpkg.com/align-text/-/align-text-0.1.4.tgz#0cd90a561093f35d0a99256c22b7069433fad117"
  integrity sha512-GrTZLRpmp6wIC2ztrWW9MjjTgSKccffgFagbNDOX95/dcjEcYZibYTeaOntySQLcdw1ztBoFkviiUvTMbb9MYg==
  dependencies:
    kind-of "^3.0.2"
    longest "^1.0.1"
    repeat-string "^1.5.2"

amdefine@>=0.0.4:
  version "1.0.1"
  resolved "https://registry.yarnpkg.com/amdefine/-/amdefine-1.0.1.tgz#4a5282ac164729e93619bcfd3ad151f817ce91f5"
  integrity sha512-S2Hw0TtNkMJhIabBwIojKL9YHO5T0n5eNqWJ7Lrlel/zDbftQpxpapi8tZs3X1HWa+u+QeydGmzzNU0m09+Rcg==

buffer-from@^1.0.0:
  version "1.1.2"
  resolved "https://registry.yarnpkg.com/buffer-from/-/buffer-from-1.1.2.tgz#2b146a6fd72e80b4f55d255f35ed59a3a9a41bd5"
  integrity sha512-E+XQCRwSbaaiChtv6k6Dwgc+bx+Bs6vuKJHHl5kox/BaKbhiXzqQOwK4cO22yElGp2OCmjwVhT3HmxgyPGnJfQ==

camelcase@^1.0.2:
  version "1.2.1"
  resolved "https://registry.yarnpkg.com/camelcase/-/camelcase-1.2.1.tgz#9bb5304d2e0b56698b2c758b08a3eaa9daa58a39"
  integrity sha512-wzLkDa4K/mzI1OSITC+DUyjgIl/ETNHE9QvYgy6J6Jvqyyz4C0Xfd+lQhb19sX2jMpZV4IssUn0VDVmglV+s4g==

center-align@^0.1.1:
  version "0.1.3"
  resolved "https://registry.yarnpkg.com/center-align/-/center-align-0.1.3.tgz#aa0d32629b6ee972200411cbd4461c907bc2b7ad"
  integrity sha512-Baz3aNe2gd2LP2qk5U+sDk/m4oSuwSDcBfayTCTBoWpfIGO5XFxPmjILQII4NGiZjD6DoDI6kf7gKaxkf7s3VQ==
  dependencies:
    align-text "^0.1.3"
    lazy-cache "^1.0.3"

cliui@^2.1.0:
  version "2.1.0"
  resolved "https://registry.yarnpkg.com/cliui/-/cliui-2.1.0.tgz#4b475760ff80264c762c3a1719032e91c7fea0d1"
  integrity sha512-GIOYRizG+TGoc7Wgc1LiOTLare95R3mzKgoln+Q/lE4ceiYH19gUpl0l0Ffq4lJDEf3FxujMe6IBfOCs7pfqNA==
  dependencies:
    center-align "^0.1.1"
    right-align "^0.1.1"
    wordwrap "0.0.2"

commander@7:
  version "7.2.0"
  resolved "https://registry.yarnpkg.com/commander/-/commander-7.2.0.tgz#a36cb57d0b501ce108e4d20559a150a391d97ab7"
  integrity sha512-QrWXB+ZQSVPmIWIhtEO9H+gwHaMGYiF5ChvoJ+K9ZGHG/sVsa6yiesAD1GC/x46sET00Xlwo1u49RVVVzvcSkw==

concat-stream@~1.6.0:
  version "1.6.2"
  resolved "https://registry.yarnpkg.com/concat-stream/-/concat-stream-1.6.2.tgz#904bdf194cd3122fc675c77fc4ac3d4ff0fd1a34"
  integrity sha512-27HBghJxjiZtIk3Ycvn/4kbJk/1uZuJFfuPEns6LaEvpvG1f0hTea8lilrouyo9mVc2GWdcEZ8OLoGmSADlrCw==
  dependencies:
    buffer-from "^1.0.0"
    inherits "^2.0.3"
    readable-stream "^2.2.2"
    typedarray "^0.0.6"

core-util-is@~1.0.0:
  version "1.0.3"
  resolved "https://registry.yarnpkg.com/core-util-is/-/core-util-is-1.0.3.tgz#a6042d3634c2b27e9328f837b965fac83808db85"
  integrity sha512-ZQBvi1DcpJ4GDqanjucZ2Hj3wEO5pZDS89BWbkcrvdxksJorwUDDZamX9ldFkp9aw2lmBDLgkObEA4DWNJ9FYQ==

cwise-compiler@^1.0.0, cwise-compiler@^1.1.1, cwise-compiler@^1.1.2:
  version "1.1.3"
  resolved "https://registry.yarnpkg.com/cwise-compiler/-/cwise-compiler-1.1.3.tgz#f4d667410e850d3a313a7d2db7b1e505bb034cc5"
  integrity sha512-WXlK/m+Di8DMMcCjcWr4i+XzcQra9eCdXIJrgh4TUgh0pIS/yJduLxS9JgefsHJ/YVLdgPtXm9r62W92MvanEQ==
  dependencies:
    uniq "^1.0.0"

cwise-parser@^1.0.0:
  version "1.0.3"
  resolved "https://registry.yarnpkg.com/cwise-parser/-/cwise-parser-1.0.3.tgz#8e493c17d54f97cb030a9e9854bc86c9dfb354fe"
  integrity sha512-nAe238ctwjt9l5exq9CQkHS1Tj6YRGAQxqfL4VaN1B2oqG1Ss0VVqIrBG/vyOgN301PI22wL6ZIhe/zA+BO56Q==
  dependencies:
    esprima "^1.0.3"
    uniq "^1.0.0"

cwise@^1.0.1, cwise@^1.0.9:
  version "1.0.10"
  resolved "https://registry.yarnpkg.com/cwise/-/cwise-1.0.10.tgz#24eee6072ebdfd6b8c6f5dadb17090b649b12bef"
  integrity sha512-4OQ6FXVTRO2bk/OkIEt0rNqDk63aOv3Siny6ZD2/WN9CH7k8X6XyQdcip4zKg1WG+L8GP5t2zicXbDb+H7Y77Q==
  dependencies:
    cwise-compiler "^1.1.1"
    cwise-parser "^1.0.0"
    static-module "^1.0.0"
    uglify-js "^2.6.0"

"d3-array@2 - 3", "d3-array@2.10.0 - 3", "d3-array@2.5.0 - 3", d3-array@3, d3-array@^3.2.0:
  version "3.2.4"
  resolved "https://registry.yarnpkg.com/d3-array/-/d3-array-3.2.4.tgz#15fec33b237f97ac5d7c986dc77da273a8ed0bb5"
  integrity sha512-tdQAmyA18i4J7wprpYq8ClcxZy3SC31QMeByyCFyRt7BVHdREQZ5lpzoe5mFEYZUWe+oq8HBvk9JjpibyEV4Jg==
  dependencies:
    internmap "1 - 2"

d3-axis@3:
  version "3.0.0"
  resolved "https://registry.yarnpkg.com/d3-axis/-/d3-axis-3.0.0.tgz#c42a4a13e8131d637b745fc2973824cfeaf93322"
  integrity sha512-IH5tgjV4jE/GhHkRV0HiVYPDtvfjHQlQfJHs0usq7M30XcSBvOotpmH1IgkcXsO/5gEQZD43B//fc7SRT5S+xw==

d3-brush@3:
  version "3.0.0"
  resolved "https://registry.yarnpkg.com/d3-brush/-/d3-brush-3.0.0.tgz#6f767c4ed8dcb79de7ede3e1c0f89e63ef64d31c"
  integrity sha512-ALnjWlVYkXsVIGlOsuWH1+3udkYFI48Ljihfnh8FZPF2QS9o+PzGLBslO0PjzVoHLZ2KCVgAM8NVkXPJB2aNnQ==
  dependencies:
    d3-dispatch "1 - 3"
    d3-drag "2 - 3"
    d3-interpolate "1 - 3"
    d3-selection "3"
    d3-transition "3"

d3-chord@3:
  version "3.0.1"
  resolved "https://registry.yarnpkg.com/d3-chord/-/d3-chord-3.0.1.tgz#d156d61f485fce8327e6abf339cb41d8cbba6966"
  integrity sha512-VE5S6TNa+j8msksl7HwjxMHDM2yNK3XCkusIlpX5kwauBfXuyLAtNg9jCp/iHH61tgI4sb6R/EIMWCqEIdjT/g==
  dependencies:
    d3-path "1 - 3"

"d3-color@1 - 3", d3-color@3:
  version "3.1.0"
  resolved "https://registry.yarnpkg.com/d3-color/-/d3-color-3.1.0.tgz#395b2833dfac71507f12ac2f7af23bf819de24e2"
  integrity sha512-zg/chbXyeBtMQ1LbD/WSoW2DpC3I0mpmPdW+ynRTj/x2DAWYrIY7qeZIHidozwV24m4iavr15lNwIwLxRmOxhA==

d3-contour@4:
  version "4.0.2"
  resolved "https://registry.yarnpkg.com/d3-contour/-/d3-contour-4.0.2.tgz#bb92063bc8c5663acb2422f99c73cbb6c6ae3bcc"
  integrity sha512-4EzFTRIikzs47RGmdxbeUvLWtGedDUNkTcmzoeyg4sP/dvCexO47AaQL7VKy/gul85TOxw+IBgA8US2xwbToNA==
  dependencies:
    d3-array "^3.2.0"

d3-delaunay@6:
  version "6.0.4"
  resolved "https://registry.yarnpkg.com/d3-delaunay/-/d3-delaunay-6.0.4.tgz#98169038733a0a5babbeda55054f795bb9e4a58b"
  integrity sha512-mdjtIZ1XLAM8bm/hx3WwjfHt6Sggek7qH043O8KEjDXN40xi3vx/6pYSVTwLjEgiXQTbvaouWKynLBiUZ6SK6A==
  dependencies:
    delaunator "5"

"d3-dispatch@1 - 3", d3-dispatch@3:
  version "3.0.1"
  resolved "https://registry.yarnpkg.com/d3-dispatch/-/d3-dispatch-3.0.1.tgz#5fc75284e9c2375c36c839411a0cf550cbfc4d5e"
  integrity sha512-rzUyPU/S7rwUflMyLc1ETDeBj0NRuHKKAcvukozwhshr6g6c5d8zh4c2gQjY2bZ0dXeGLWc1PF174P2tVvKhfg==

"d3-drag@2 - 3", d3-drag@3:
  version "3.0.0"
  resolved "https://registry.yarnpkg.com/d3-drag/-/d3-drag-3.0.0.tgz#994aae9cd23c719f53b5e10e3a0a6108c69607ba"
  integrity sha512-pWbUJLdETVA8lQNJecMxoXfH6x+mO2UQo8rSmZ+QqxcbyA3hfeprFgIT//HW2nlHChWeIIMwS2Fq+gEARkhTkg==
  dependencies:
    d3-dispatch "1 - 3"
    d3-selection "3"

"d3-dsv@1 - 3", d3-dsv@3:
  version "3.0.1"
  resolved "https://registry.yarnpkg.com/d3-dsv/-/d3-dsv-3.0.1.tgz#c63af978f4d6a0d084a52a673922be2160789b73"
  integrity sha512-UG6OvdI5afDIFP9w4G0mNq50dSOsXHJaRE8arAS5o9ApWnIElp8GZw1Dun8vP8OyHOZ/QJUKUJwxiiCCnUwm+Q==
  dependencies:
    commander "7"
    iconv-lite "0.6"
    rw "1"

"d3-ease@1 - 3", d3-ease@3:
  version "3.0.1"
  resolved "https://registry.yarnpkg.com/d3-ease/-/d3-ease-3.0.1.tgz#9658ac38a2140d59d346160f1f6c30fda0bd12f4"
  integrity sha512-wR/XK3D3XcLIZwpbvQwQ5fK+8Ykds1ip7A2Txe0yxncXSdq1L9skcG7blcedkOX+ZcgxGAmLX1FrRGbADwzi0w==

d3-fetch@3, d3-fetch@^3.0.1:
  version "3.0.1"
  resolved "https://registry.yarnpkg.com/d3-fetch/-/d3-fetch-3.0.1.tgz#83141bff9856a0edb5e38de89cdcfe63d0a60a22"
  integrity sha512-kpkQIM20n3oLVBKGg6oHrUchHM3xODkTzjMoj7aWQFq5QEM+R6E4WkzT5+tojDY7yjez8KgCBRoj4aEr99Fdqw==
  dependencies:
    d3-dsv "1 - 3"

d3-force@3:
  version "3.0.0"
  resolved "https://registry.yarnpkg.com/d3-force/-/d3-force-3.0.0.tgz#3e2ba1a61e70888fe3d9194e30d6d14eece155c4"
  integrity sha512-zxV/SsA+U4yte8051P4ECydjD/S+qeYtnaIyAs9tgHCqfguma/aAQDjo85A9Z6EKhBirHRJHXIgJUlffT4wdLg==
  dependencies:
    d3-dispatch "1 - 3"
    d3-quadtree "1 - 3"
    d3-timer "1 - 3"

"d3-format@1 - 3", d3-format@3:
  version "3.1.2"
  resolved "https://registry.yarnpkg.com/d3-format/-/d3-format-3.1.2.tgz#01fdb46b58beb1f55b10b42ad70b6e344d5eb2ae"
  integrity sha512-AJDdYOdnyRDV5b6ArilzCPPwc1ejkHcoyFarqlPqT7zRYjhavcT3uSrqcMvsgh2CgoPbK3RCwyHaVyxYcP2Arg==

d3-geo@3:
  version "3.1.1"
  resolved "https://registry.yarnpkg.com/d3-geo/-/d3-geo-3.1.1.tgz#6027cf51246f9b2ebd64f99e01dc7c3364033a4d"
  integrity sha512-637ln3gXKXOwhalDzinUgY83KzNWZRKbYubaG+fGVuc/dxO64RRljtCTnf5ecMyE1RIdtqpkVcq0IbtU2S8j2Q==
  dependencies:
    d3-array "2.5.0 - 3"

d3-hierarchy@3:
  version "3.1.2"
  resolved "https://registry.yarnpkg.com/d3-hierarchy/-/d3-hierarchy-3.1.2.tgz#b01cd42c1eed3d46db77a5966cf726f8c09160c6"
  integrity sha512-FX/9frcub54beBdugHjDCdikxThEqjnR93Qt7PvQTOHxyiNCAlvMrHhclk3cD5VeAaq9fxmfRp+CnWw9rEMBuA==

"d3-interpolate@1 - 3", "d3-interpolate@1.2.0 - 3", d3-interpolate@3:
  version "3.0.1"
  resolved "https://registry.yarnpkg.com/d3-interpolate/-/d3-interpolate-3.0.1.tgz#3c47aa5b32c5b3dfb56ef3fd4342078a632b400d"
  integrity sha512-3bYs1rOD33uo8aqJfKP3JWPAibgw8Zm2+L9vBKEHJ2Rg+viTR7o5Mmv5mZcieN+FRYaAOWX5SJATX6k1PWz72g==
  dependencies:
    d3-color "1 - 3"

"d3-path@1 - 3", d3-path@3, d3-path@^3.1.0:
  version "3.1.0"
  resolved "https://registry.yarnpkg.com/d3-path/-/d3-path-3.1.0.tgz#22df939032fb5a71ae8b1800d61ddb7851c42526"
  integrity sha512-p3KP5HCf/bvjBSSKuXid6Zqijx7wIfNW+J/maPs+iwR35at5JCbLUT0LzF1cnjbCHWhqzQTIN2Jpe8pRebIEFQ==

d3-polygon@3:
  version "3.0.1"
  resolved "https://registry.yarnpkg.com/d3-polygon/-/d3-polygon-3.0.1.tgz#0b45d3dd1c48a29c8e057e6135693ec80bf16398"
  integrity sha512-3vbA7vXYwfe1SYhED++fPUQlWSYTTGmFmQiany/gdbiWgU/iEyQzyymwL9SkJjFFuCS4902BSzewVGsHHmHtXg==

"d3-quadtree@1 - 3", d3-quadtree@3:
  version "3.0.1"
  resolved "https://registry.yarnpkg.com/d3-quadtree/-/d3-quadtree-3.0.1.tgz#6dca3e8be2b393c9a9d514dabbd80a92deef1a4f"
  integrity sha512-04xDrxQTDTCFwP5H6hRhsRcb9xxv2RzkcsygFzmkSIOJy3PeRJP7sNk3VRIbKXcog561P9oU0/rVH6vDROAgUw==

d3-random@3:
  version "3.0.1"
  resolved "https://registry.yarnpkg.com/d3-random/-/d3-random-3.0.1.tgz#d4926378d333d9c0bfd1e6fa0194d30aebaa20f4"
  integrity sha512-FXMe9GfxTxqd5D6jFsQ+DJ8BJS4E/fT5mqqdjovykEB2oFbTMDVdg1MGFxfQW+FBOGoB++k8swBrgwSHT1cUXQ==

d3-scale-chromatic@3:
  version "3.1.0"
  resolved "https://registry.yarnpkg.com/d3-scale-chromatic/-/d3-scale-chromatic-3.1.0.tgz#34c39da298b23c20e02f1a4b239bd0f22e7f1314"
  integrity sha512-A3s5PWiZ9YCXFye1o246KoscMWqf8BsD9eRiJ3He7C9OBaxKhAd5TFCdEx/7VbKtxxTsu//1mMJFrEt572cEyQ==
  dependencies:
    d3-color "1 - 3"
    d3-interpolate "1 - 3"

d3-scale@4:
  version "4.0.2"
  resolved "https://registry.yarnpkg.com/d3-scale/-/d3-scale-4.0.2.tgz#82b38e8e8ff7080764f8dcec77bd4be393689396"
  integrity sha512-GZW464g1SH7ag3Y7hXjf8RoUuAFIqklOAq3MRl4OaWabTFJY9PN/E1YklhXLh+OQ3fM9yS2nOkCoS+WLZ6kvxQ==
  dependencies:
    d3-array "2.10.0 - 3"
    d3-format "1 - 3"
    d3-interpolate "1.2.0 - 3"
    d3-time "2.1.1 - 3"
    d3-time-format "2 - 4"

"d3-selection@2 - 3", d3-selection@3:
  version "3.0.0"
  resolved "https://registry.yarnpkg.com/d3-selection/-/d3-selection-3.0.0.tgz#c25338207efa72cc5b9bd1458a1a41901f1e1b31"
  integrity sha512-fmTRWbNMmsmWq6xJV8D19U/gw/bwrHfNXxrIN+HfZgnzqTHp9jOmKMhsTUjXOJnZOdZY9Q28y4yebKzqDKlxlQ==

d3-shape@3:
  version "3.2.0"
  resolved "https://registry.yarnpkg.com/d3-shape/-/d3-shape-3.2.0.tgz#a1a839cbd9ba45f28674c69d7f855bcf91dfc6a5"
  integrity sha512-SaLBuwGm3MOViRq2ABk3eLoxwZELpH6zhl3FbAoJ7Vm1gofKx6El1Ib5z23NUEhF9AsGl7y+dzLe5Cw2AArGTA==
  dependencies:
    d3-path "^3.1.0"

"d3-time-format@2 - 4", d3-time-format@4:
  version "4.1.0"
  resolved "https://registry.yarnpkg.com/d3-time-format/-/d3-time-format-4.1.0.tgz#7ab5257a5041d11ecb4fe70a5c7d16a195bb408a"
  integrity sha512-dJxPBlzC7NugB2PDLwo9Q8JiTR3M3e4/XANkreKSUxF8vvXKqm1Yfq4Q5dl8budlunRVlUUaDUgFt7eA8D6NLg==
  dependencies:
    d3-time "1 - 3"

"d3-time@1 - 3", "d3-time@2.1.1 - 3", d3-time@3:
  version "3.1.0"
  resolved "https://registry.yarnpkg.com/d3-time/-/d3-time-3.1.0.tgz#9310db56e992e3c0175e1ef385e545e48a9bb5c7"
  integrity sha512-VqKjzBLejbSMT4IgbmVgDjpkYrNWUYJnbCGo874u7MMKIWsILRX+OpX/gTk8MqjpT1A/c6HY2dCA77ZN0lkQ2Q==
  dependencies:
    d3-array "2 - 3"

"d3-timer@1 - 3", d3-timer@3:
  version "3.0.1"
  resolved "https://registry.yarnpkg.com/d3-timer/-/d3-timer-3.0.1.tgz#6284d2a2708285b1abb7e201eda4380af35e63b0"
  integrity sha512-ndfJ/JxxMd3nw31uyKoY2naivF+r29V+Lc0svZxe1JvvIRmi8hUsrMvdOwgS1o6uBHmiz91geQ0ylPP0aj1VUA==

"d3-transition@2 - 3", d3-transition@3:
  version "3.0.1"
  resolved "https://registry.yarnpkg.com/d3-transition/-/d3-transition-3.0.1.tgz#6869fdde1448868077fdd5989200cb61b2a1645f"
  integrity sha512-ApKvfjsSR6tg06xrL434C0WydLr7JewBB3V+/39RMHsaXTOG0zmt/OAXeng5M5LBm0ojmxJrpomQVZ1aPvBL4w==
  dependencies:
    d3-color "1 - 3"
    d3-dispatch "1 - 3"
    d3-ease "1 - 3"
    d3-interpolate "1 - 3"
    d3-timer "1 - 3"

d3-zoom@3:
  version "3.0.0"
  resolved "https://registry.yarnpkg.com/d3-zoom/-/d3-zoom-3.0.0.tgz#d13f4165c73217ffeaa54295cd6969b3e7aee8f3"
  integrity sha512-b8AmV3kfQaqWAuacbPuNbL6vahnOJflOhexLzMMNLga62+/nh0JzvJ0aO/5a5MVgUFGS7Hu1P9P03o3fJkDCyw==
  dependencies:
    d3-dispatch "1 - 3"
    d3-drag "2 - 3"
    d3-interpolate "1 - 3"
    d3-selection "2 - 3"
    d3-transition "2 - 3"

d3@^7.4.4:
  version "7.9.0"
  resolved "https://registry.yarnpkg.com/d3/-/d3-7.9.0.tgz#579e7acb3d749caf8860bd1741ae8d371070cd5d"
  integrity sha512-e1U46jVP+w7Iut8Jt8ri1YsPOvFpg46k+K8TpCb0P+zjCkjkPnV7WzfDJzMHy1LnA+wj5pLT1wjO901gLXeEhA==
  dependencies:
    d3-array "3"
    d3-axis "3"
    d3-brush "3"
    d3-chord "3"
    d3-color "3"
    d3-contour "4"
    d3-delaunay "6"
    d3-dispatch "3"
    d3-drag "3"
    d3-dsv "3"
    d3-ease "3"
    d3-fetch "3"
    d3-force "3"
    d3-format "3"
    d3-geo "3"
    d3-hierarchy "3"
    d3-interpolate "3"
    d3-path "3"
    d3-polygon "3"
    d3-quadtree "3"
    d3-random "3"
    d3-scale "4"
    d3-scale-chromatic "3"
    d3-selection "3"
    d3-shape "3"
    d3-time "3"
    d3-time-format "4"
    d3-timer "3"
    d3-transition "3"
    d3-zoom "3"

decamelize@^1.0.0:
  version "1.2.0"
  resolved "https://registry.yarnpkg.com/decamelize/-/decamelize-1.2.0.tgz#f6534d15148269b20352e7bee26f501f9a191290"
  integrity sha512-z2S+W9X73hAUUki+N+9Za2lBlun89zigOyGrsax+KUQ6wKW4ZoWpEYBkGhQjwAjjDCkWxhY0VKEhk8wzY7F5cA==

delaunator@5:
  version "5.0.1"
  resolved "https://registry.yarnpkg.com/delaunator/-/delaunator-5.0.1.tgz#39032b08053923e924d6094fe2cde1a99cc51278"
  integrity sha512-8nvh+XBe96aCESrGOqMp/84b13H9cdKbG5P2ejQCh4d4sK9RL4371qou9drQjMhvnPmhWl5hnmqbEE0fXr9Xnw==
  dependencies:
    robust-predicates "^3.0.2"

dup@^1.0.0:
  version "1.0.0"
  resolved "https://registry.yarnpkg.com/dup/-/dup-1.0.0.tgz#51fc5ac685f8196469df0b905e934b20af5b4029"
  integrity sha512-Bz5jxMMC0wgp23Zm15ip1x8IhYRqJvF3nFC0UInJUDkN1z4uNPk9jTnfCUJXbOGiQ1JbXLQsiV41Fb+HXcj5BA==

duplexer2@~0.0.2:
  version "0.0.2"
  resolved "https://registry.yarnpkg.com/duplexer2/-/duplexer2-0.0.2.tgz#c614dcf67e2fb14995a91711e5a617e8a60a31db"
  integrity sha512-+AWBwjGadtksxjOQSFDhPNQbed7icNXApT4+2BNpsXzcCBiInq2H9XW0O8sfHFaPmnQRs7cg/P0fAr2IWQSW0g==
  dependencies:
    readable-stream "~1.1.9"

escodegen@~0.0.24:
  version "0.0.28"
  resolved "https://registry.yarnpkg.com/escodegen/-/escodegen-0.0.28.tgz#0e4ff1715f328775d6cab51ac44a406cd7abffd3"
  integrity sha512-6ioQhg16lFs5c7XJlJFXIDxBjO4yRvXC9yK6dLNNGuhI3a/fJukHanPF6qtpjGDgAFzI8Wuq3PSIarWmaOq/5A==
  dependencies:
    esprima "~1.0.2"
    estraverse "~1.3.0"
  optionalDependencies:
    source-map ">= 0.1.2"

escodegen@~1.3.2:
  version "1.3.3"
  resolved "https://registry.yarnpkg.com/escodegen/-/escodegen-1.3.3.tgz#f024016f5a88e046fd12005055e939802e6c5f23"
  integrity sha512-z9FWgKc48wjMlpzF5ymKS1AF8OIgnKLp9VyN7KbdtyrP/9lndwUFqCtMm+TAJmJf7KJFFYc4cFJfVTTGkKEwsA==
  dependencies:
    esprima "~1.1.1"
    estraverse "~1.5.0"
    esutils "~1.0.0"
  optionalDependencies:
    source-map "~0.1.33"

esprima@^1.0.3:
  version "1.2.5"
  resolved "https://registry.yarnpkg.com/esprima/-/esprima-1.2.5.tgz#0993502feaf668138325756f30f9a51feeec11e9"
  integrity sha512-S9VbPDU0adFErpDai3qDkjq8+G05ONtKzcyNrPKg/ZKa+tf879nX2KexNU95b31UoTJjRLInNBHHHjFPoCd7lQ==

esprima@~1.0.2:
  version "1.0.4"
  resolved "https://registry.yarnpkg.com/esprima/-/esprima-1.0.4.tgz#9f557e08fc3b4d26ece9dd34f8fbf476b62585ad"
  integrity sha512-rp5dMKN8zEs9dfi9g0X1ClLmV//WRyk/R15mppFNICIFRG5P92VP7Z04p8pk++gABo9W2tY+kHyu6P1mEHgmTA==

esprima@~1.1.1:
  version "1.1.1"
  resolved "https://registry.yarnpkg.com/esprima/-/esprima-1.1.1.tgz#5b6f1547f4d102e670e140c509be6771d6aeb549"
  integrity sha512-qxxB994/7NtERxgXdFgLHIs9M6bhLXc6qtUmWZ3L8+gTQ9qaoyki2887P2IqAYsoENyr8SUbTutStDniOHSDHg==

estraverse@~1.3.0:
  version "1.3.2"
  resolved "https://registry.yarnpkg.com/estraverse/-/estraverse-1.3.2.tgz#37c2b893ef13d723f276d878d60d8535152a6c42"
  integrity sha512-OkbCPVUu8D9tbsLcUR+CKFRBbhZlogmkbWaP3BPERlkqzWL5Q6IdTz6eUk+b5cid2MTaCqJb2nNRGoJ8TpfPrg==

estraverse@~1.5.0:
  version "1.5.1"
  resolved "https://registry.yarnpkg.com/estraverse/-/estraverse-1.5.1.tgz#867a3e8e58a9f84618afb6c2ddbcd916b7cbaf71"
  integrity sha512-FpCjJDfmo3vsc/1zKSeqR5k42tcIhxFIlvq+h9j0fO2q/h2uLKyweq7rYJ+0CoVvrGQOxIS5wyBrW/+vF58BUQ==

esutils@~1.0.0:
  version "1.0.0"
  resolved "https://registry.yarnpkg.com/esutils/-/esutils-1.0.0.tgz#8151d358e20c8acc7fb745e7472c0025fe496570"
  integrity sha512-x/iYH53X3quDwfHRz4y8rn4XcEwwCJeWsul9pF1zldMbGtgOtMNBEOuYWwB1EQlK2LRa1fev3YAgym/RElp5Cg==

falafel@^2.1.0:
  version "2.2.5"
  resolved "https://registry.yarnpkg.com/falafel/-/falafel-2.2.5.tgz#3ccb4970a09b094e9e54fead2deee64b4a589d56"
  integrity sha512-HuC1qF9iTnHDnML9YZAdCDQwT0yKl/U55K4XSUXqGAA2GLoafFgWRqdAbhWJxXaYD4pyoVxAJ8wH670jMpI9DQ==
  dependencies:
    acorn "^7.1.1"
    isarray "^2.0.1"

has@^1.0.0:
  version "1.0.4"
  resolved "https://registry.yarnpkg.com/has/-/has-1.0.4.tgz#2eb2860e000011dae4f1406a86fe80e530fb2ec6"
  integrity sha512-qdSAmqLF6209RFj4VVItywPMbm3vWylknmB3nvNiUIs72xAimcM8nVYxYr7ncvZq5qzk9MKIZR8ijqD/1QuYjQ==

iconv-lite@0.6:
  version "0.6.3"
  resolved "https://registry.yarnpkg.com/iconv-lite/-/iconv-lite-0.6.3.tgz#a52f80bf38da1952eb5c681790719871a1a72501"
  integrity sha512-4fCk79wshMdzMp2rH06qWrJE4iolqLhCUH+OiuIgU++RB0+94NlDL81atO7GX55uUKueo0txHNtvEyI6D7WdMw==
  dependencies:
    safer-buffer ">= 2.1.2 < 3.0.0"

inherits@^2.0.3, inherits@~2.0.1, inherits@~2.0.3:
  version "2.0.4"
  resolved "https://registry.yarnpkg.com/inherits/-/inherits-2.0.4.tgz#0fa2c64f932917c3433a0ded55363aae37416b7c"
  integrity sha512-k/vGaX4/Yla3WzyMCvTQOXYeIHvqOKtnqBduzTHpzpQZzAskKMhZ2K+EnBiSM9zGSoIFeMpXKxa4dYeZIQqewQ==

"internmap@1 - 2":
  version "2.0.3"
  resolved "https://registry.yarnpkg.com/internmap/-/internmap-2.0.3.tgz#6685f23755e43c524e251d29cbc97248e3061009"
  integrity sha512-5Hh7Y1wQbvY5ooGgPbDaL5iYLAPzMTUrjMulskHLH6wnv/A+1q5rgEaiuqEjB+oxGXIVZs1FF+R/KPN3ZSQYYg==

iota-array@^1.0.0:
  version "1.0.0"
  resolved "https://registry.yarnpkg.com/iota-array/-/iota-array-1.0.0.tgz#81ef57fe5d05814cd58c2483632a99c30a0e8087"
  integrity sha512-pZ2xT+LOHckCatGQ3DcG/a+QuEqvoxqkiL7tvE8nn3uuu+f6i1TtpB5/FtWFbxUuVr5PZCx8KskuGatbJDXOWA==

is-any-array@^0.1.0:
  version "0.1.1"
  resolved "https://registry.yarnpkg.com/is-any-array/-/is-any-array-0.1.1.tgz#519776164315fcad0fd96a913e02409b18346fef"
  integrity sha512-qTiELO+kpTKqPgxPYbshMERlzaFu29JDnpB8s3bjg+JkxBpw29/qqSaOdKv2pCdaG92rLGeG/zG2GauX58hfoA==

is-any-array@^2.0.0, is-any-array@^2.0.1:
  version "2.0.1"
  resolved "https://registry.yarnpkg.com/is-any-array/-/is-any-array-2.0.1.tgz#9233242a9c098220290aa2ec28f82ca7fa79899e"
  integrity sha512-UtilS7hLRu++wb/WBAw9bNuP1Eg04Ivn1vERJck8zJthEvXCBEBpGR/33u/xLKWEQf95803oalHrVDptcAvFdQ==

is-buffer@^1.0.2, is-buffer@^1.1.5:
  version "1.1.6"
  resolved "https://registry.yarnpkg.com/is-buffer/-/is-buffer-1.1.6.tgz#efaa2ea9daa0d7ab2ea13a97b2b8ad51fefbe8be"
  integrity sha512-NcdALwpXkTm5Zvvbk7owOUSvVvBKDgKP5/ewfXEznmQFfs4ZRmanOeKBTjRVjka3QFoN6XJ+9F3USqfHqTaU5w==

isarray@0.0.1:
  version "0.0.1"
  resolved "https://registry.yarnpkg.com/isarray/-/isarray-0.0.1.tgz#8a18acfca9a8f4177e09abfc6038939b05d1eedf"
  integrity sha512-D2S+3GLxWH+uhrNEcoh/fnmYeP8E8/zHl644d/jdA0g2uyXvy3sb0qxotE+ne0LtccHknQzWwZEzhak7oJ0COQ==

isarray@^2.0.1:
  version "2.0.5"
  resolved "https://registry.yarnpkg.com/isarray/-/isarray-2.0.5.tgz#8af1e4c1221244cc62459faf38940d4e644a5723"
  integrity sha512-xHjhDr3cNBK0BzdUJSPXZntQUx/mwMS5Rw4A7lPJ90XGAO6ISP/ePDNuo0vhqOZU+UD5JoodwCAAoZQd3FeAKw==

isarray@~1.0.0:
  version "1.0.0"
  resolved "https://registry.yarnpkg.com/isarray/-/isarray-1.0.0.tgz#bb935d48582cba168c06834957a54a3e07124f11"
  integrity sha512-VLghIWNM6ELQzo7zwmcg0NmTVyWKYjvIeM83yjp0wRDTmUnrM678fQbcKBo6n2CJEF0szoG//ytg+TKla89ALQ==

kind-of@^3.0.2:
  version "3.2.2"
  resolved "https://registry.yarnpkg.com/kind-of/-/kind-of-3.2.2.tgz#31ea21a734bab9bbb0f32466d893aea51e4a3c64"
  integrity sha512-NOW9QQXMoZGg/oqnVNoNTTIFEIid1627WCffUBJEdMxYApq7mNE7CpzucIPc+ZQg25Phej7IJSmX3hO+oblOtQ==
  dependencies:
    is-buffer "^1.1.5"

lazy-cache@^1.0.3:
  version "1.0.4"
  resolved "https://registry.yarnpkg.com/lazy-cache/-/lazy-cache-1.0.4.tgz#a1d78fc3a50474cb80845d3b3b6e1da49a446e8e"
  integrity sha512-RE2g0b5VGZsOCFOCgP7omTRYFqydmZkBwl5oNnQ1lDYC57uyO9KqNnNVxT7COSHTxrRCWVcAVOcbjk+tvh/rgQ==

longest@^1.0.1:
  version "1.0.1"
  resolved "https://registry.yarnpkg.com/longest/-/longest-1.0.1.tgz#30a0b2da38f73770e8294a0d22e6625ed77d0097"
  integrity sha512-k+yt5n3l48JU4k8ftnKG6V7u32wyH2NfKzeMto9F/QRE0amxy/LayxwlvjjkZEIzqR+19IrtFO8p5kB9QaYUFg==

minimist@0.0.8:
  version "0.0.8"
  resolved "https://registry.yarnpkg.com/minimist/-/minimist-0.0.8.tgz#857fcabfc3397d2625b8228262e86aa7a011b05d"
  integrity sha512-miQKw5Hv4NS1Psg2517mV4e4dYNaO3++hjAvLOAzKqZ61rH8NS1SK+vbfBWZ5PY/Me/bEWhUwqMghEW5Fb9T7Q==

ml-array-max@^1.2.4:
  version "1.2.4"
  resolved "https://registry.yarnpkg.com/ml-array-max/-/ml-array-max-1.2.4.tgz#2373e2b7e51c8807e456cc0ef364c5863713623b"
  integrity sha512-BlEeg80jI0tW6WaPyGxf5Sa4sqvcyY6lbSn5Vcv44lp1I2GR6AWojfUvLnGTNsIXrZ8uqWmo8VcG1WpkI2ONMQ==
  dependencies:
    is-any-array "^2.0.0"

ml-array-min@^1.2.3:
  version "1.2.3"
  resolved "https://registry.yarnpkg.com/ml-array-min/-/ml-array-min-1.2.3.tgz#662f027c400105816b849cc3cd786915d0801495"
  integrity sha512-VcZ5f3VZ1iihtrGvgfh/q0XlMobG6GQ8FsNyQXD3T+IlstDv85g8kfV0xUG1QPRO/t21aukaJowDzMTc7j5V6Q==
  dependencies:
    is-any-array "^2.0.0"

ml-array-rescale@^1.3.7:
  version "1.3.7"
  resolved "https://registry.yarnpkg.com/ml-array-rescale/-/ml-array-rescale-1.3.7.tgz#c4d129320d113a732e62dd963dc1695bba9a5340"
  integrity sha512-48NGChTouvEo9KBctDfHC3udWnQKNKEWN0ziELvY3KG25GR5cA8K8wNVzracsqSW1QEkAXjTNx+ycgAv06/1mQ==
  dependencies:
    is-any-array "^2.0.0"
    ml-array-max "^1.2.4"
    ml-array-min "^1.2.3"

ml-levenberg-marquardt@^2.0.0:
  version "2.1.1"
  resolved "https://registry.yarnpkg.com/ml-levenberg-marquardt/-/ml-levenberg-marquardt-2.1.1.tgz#6a26751657adb340ed5ae4daadf5bfd2f757bdd4"
  integrity sha512-2+HwUqew4qFFFYujYlQtmFUrxCB4iJAPqnUYro3P831wj70eJZcANwcRaIMGUVaH9NDKzfYuA4N5u67KExmaRA==
  dependencies:
    is-any-array "^0.1.0"
    ml-matrix "^6.4.1"

ml-matrix@^6.4.1:
  version "6.12.1"
  resolved "https://registry.yarnpkg.com/ml-matrix/-/ml-matrix-6.12.1.tgz#8fc99365f7294d27076f0ce405b589e1c04ca1b0"
  integrity sha512-TJ+8eOFdp+INvzR4zAuwBQJznDUfktMtOB6g/hUcGh3rcyjxbz4Te57Pgri8Q9bhSQ7Zys4IYOGhFdnlgeB6Lw==
  dependencies:
    is-any-array "^2.0.1"
    ml-array-rescale "^1.3.7"

ndarray-ops@^1.2.2:
  version "1.2.2"
  resolved "https://registry.yarnpkg.com/ndarray-ops/-/ndarray-ops-1.2.2.tgz#59e88d2c32a7eebcb1bc690fae141579557a614e"
  integrity sha512-BppWAFRjMYF7N/r6Ie51q6D4fs0iiGmeXIACKY66fLpnwIui3Wc3CXiD/30mgLbDjPpSLrsqcp3Z62+IcHZsDw==
  dependencies:
    cwise-compiler "^1.0.0"

ndarray-pack@^1.2.0:
  version "1.2.1"
  resolved "https://registry.yarnpkg.com/ndarray-pack/-/ndarray-pack-1.2.1.tgz#8caebeaaa24d5ecf70ff86020637977da8ee585a"
  integrity sha512-51cECUJMT0rUZNQa09EoKsnFeDL4x2dHRT0VR5U2H5ZgEcm95ZDWcMA5JShroXjHOejmAD/fg8+H+OvUnVXz2g==
  dependencies:
    cwise-compiler "^1.1.2"
    ndarray "^1.0.13"

ndarray-unpack@^1.0.0:
  version "1.0.0"
  resolved "https://registry.yarnpkg.com/ndarray-unpack/-/ndarray-unpack-1.0.0.tgz#4b53c767300a5e3909b8b5225ab55c6e886d91dc"
  integrity sha512-BH6Ytr5/K0ckdhblKSAiwtkcLr0BnbSUMfYbilr9dkySj9QqdIZv2HyAoZnk9htNmsZrozYqNT01wjcWy/+6/Q==
  dependencies:
    cwise "^1.0.1"
    dup "^1.0.0"

ndarray@^1.0.13, ndarray@^1.0.18:
  version "1.0.19"
  resolved "https://registry.yarnpkg.com/ndarray/-/ndarray-1.0.19.tgz#6785b5f5dfa58b83e31ae5b2a058cfd1ab3f694e"
  integrity sha512-B4JHA4vdyZU30ELBw3g7/p9bZupyew5a7tX1Y/gGeF2hafrPaQZhgrGQfsvgfYbgdFZjYwuEcnaobeM/WMW+HQ==
  dependencies:
    iota-array "^1.0.0"
    is-buffer "^1.0.2"

object-inspect@~0.4.0:
  version "0.4.0"
  resolved "https://registry.yarnpkg.com/object-inspect/-/object-inspect-0.4.0.tgz#f5157c116c1455b243b06ee97703392c5ad89fec"
  integrity sha512-8WvkvUZiKAjjsy/63rJjA7jw9uyF0CLVLjBKEfnPHE3Jxvs1LgwqL2OmJN+LliIX1vrzKW+AAu02Cc+xv27ncQ==

object-keys@~0.4.0:
  version "0.4.0"
  resolved "https://registry.yarnpkg.com/object-keys/-/object-keys-0.4.0.tgz#28a6aae7428dd2c3a92f3d95f21335dd204e0336"
  integrity sha512-ncrLw+X55z7bkl5PnUvHwFK9FcGuFYo9gtjws2XtSzL+aZ8tm830P60WJ0dSmFVaSalWieW5MD7kEdnXda9yJw==

process-nextick-args@~2.0.0:
  version "2.0.1"
  resolved "https://registry.yarnpkg.com/process-nextick-args/-/process-nextick-args-2.0.1.tgz#7820d9b16120cc55ca9ae7792680ae7dba6d7fe2"
  integrity sha512-3ouUOpQhtgrbOa17J7+uxOTpITYWaGP7/AhoR3+A+/1e9skrzelGi/dXzEYyvbxubEF6Wn2ypscTKiKJFFn1ag==

quote-stream@~0.0.0:
  version "0.0.0"
  resolved "https://registry.yarnpkg.com/quote-stream/-/quote-stream-0.0.0.tgz#cde29e94c409b16e19dc7098b89b6658f9721d3b"
  integrity sha512-m4VtvjAMx00wgAS6eOy50ZDat1EBQeFKBIrtF/oxUt0MenEI33y7runJcRiOihc+JBBIt2aFFJhILIh4e9shJA==
  dependencies:
    minimist "0.0.8"
    through2 "~0.4.1"

readable-stream@^2.2.2:
  version "2.3.8"
  resolved "https://registry.yarnpkg.com/readable-stream/-/readable-stream-2.3.8.tgz#91125e8042bba1b9887f49345f6277027ce8be9b"
  integrity sha512-8p0AUk4XODgIewSi0l8Epjs+EVnWiK7NoDIEGU0HhE7+ZyY8D1IMY7odu5lRrFXGg71L15KG8QrPmum45RTtdA==
  dependencies:
    core-util-is "~1.0.0"
    inherits "~2.0.3"
    isarray "~1.0.0"
    process-nextick-args "~2.0.0"
    safe-buffer "~5.1.1"
    string_decoder "~1.1.1"
    util-deprecate "~1.0.1"

readable-stream@~1.0.17, readable-stream@~1.0.27-1:
  version "1.0.34"
  resolved "https://registry.yarnpkg.com/readable-stream/-/readable-stream-1.0.34.tgz#125820e34bc842d2f2aaafafe4c2916ee32c157c"
  integrity sha512-ok1qVCJuRkNmvebYikljxJA/UEsKwLl2nI1OmaqAu4/UE+h0wKCHok4XkL/gvi39OacXvw59RJUOFUkDib2rHg==
  dependencies:
    core-util-is "~1.0.0"
    inherits "~2.0.1"
    isarray "0.0.1"
    string_decoder "~0.10.x"

readable-stream@~1.1.9:
  version "1.1.14"
  resolved "https://registry.yarnpkg.com/readable-stream/-/readable-stream-1.1.14.tgz#7cf4c54ef648e3813084c636dd2079e166c081d9"
  integrity sha512-+MeVjFf4L44XUkhM1eYbD8fyEsxcV81pqMSR5gblfcLCHfZvbrqy4/qYHE+/R5HoBUT11WV5O08Cr1n3YXkWVQ==
  dependencies:
    core-util-is "~1.0.0"
    inherits "~2.0.1"
    isarray "0.0.1"
    string_decoder "~0.10.x"

repeat-string@^1.5.2:
  version "1.6.1"
  resolved "https://registry.yarnpkg.com/repeat-string/-/repeat-string-1.6.1.tgz#8dcae470e1c88abc2d600fff4a776286da75e637"
  integrity sha512-PV0dzCYDNfRi1jCDbJzpW7jNNDRuCOG/jI5ctQcGKt/clZD+YcPS3yIlWuTJMmESC8aevCFmWJy5wjAFgNqN6w==

right-align@^0.1.1:
  version "0.1.3"
  resolved "https://registry.yarnpkg.com/right-align/-/right-align-0.1.3.tgz#61339b722fe6a3515689210d24e14c96148613ef"
  integrity sha512-yqINtL/G7vs2v+dFIZmFUDbnVyFUJFKd6gK22Kgo6R4jfJGFtisKyncWDDULgjfqf4ASQuIQyjJ7XZ+3aWpsAg==
  dependencies:
    align-text "^0.1.1"

robust-predicates@^3.0.2:
  version "3.0.2"
  resolved "https://registry.yarnpkg.com/robust-predicates/-/robust-predicates-3.0.2.tgz#d5b28528c4824d20fc48df1928d41d9efa1ad771"
  integrity sha512-IXgzBWvWQwE6PrDI05OvmXUIruQTcoMDzRsOd5CDvHCVLcLHMTSYvOK5Cm46kWqlV3yAbuSpBZdJ5oP5OUoStg==

rw@1:
  version "1.3.3"
  resolved "https://registry.yarnpkg.com/rw/-/rw-1.3.3.tgz#3f862dfa91ab766b14885ef4d01124bfda074fb4"
  integrity sha512-PdhdWy89SiZogBLaw42zdeqtRJ//zFd2PgQavcICDUgJT5oW10QCRKbJ6bg4r0/UY2M6BWd5tkxuGFRvCkgfHQ==

safe-buffer@~5.1.0, safe-buffer@~5.1.1:
  version "5.1.2"
  resolved "https://registry.yarnpkg.com/safe-buffer/-/safe-buffer-5.1.2.tgz#991ec69d296e0313747d59bdfd2b745c35f8828d"
  integrity sha512-Gd2UZBJDkXlY7GbJxfsE8/nvKkUEU1G38c1siN6QP6a9PT9MmHB8GnpscSmMJSoF8LOIrt8ud/wPtojys4G6+g==

"safer-buffer@>= 2.1.2 < 3.0.0":
  version "2.1.2"
  resolved "https://registry.yarnpkg.com/safer-buffer/-/safer-buffer-2.1.2.tgz#44fa161b0187b9549dd84bb91802f9bd8385cd6a"
  integrity sha512-YZo3K82SD7Riyi0E1EQPojLz7kpepnSQI9IyPbHHg1XXXevb5dJI7tpyN2ADxGcQbHG7vcyRHk0cbwqcQriUtg==

seedrandom@^3.0.5:
  version "3.0.5"
  resolved "https://registry.yarnpkg.com/seedrandom/-/seedrandom-3.0.5.tgz#54edc85c95222525b0c7a6f6b3543d8e0b3aa0a7"
  integrity sha512-8OwmbklUNzwezjGInmZ+2clQmExQPvomqjL7LFqOYqtmuxRgQYqOD3mHaU+MvZn5FLUeVxVfQjwLZW/n/JFuqg==

shallow-copy@~0.0.1:
  version "0.0.1"
  resolved "https://registry.yarnpkg.com/shallow-copy/-/shallow-copy-0.0.1.tgz#415f42702d73d810330292cc5ee86eae1a11a170"
  integrity sha512-b6i4ZpVuUxB9h5gfCxPiusKYkqTMOjEbBs4wMaFbkfia4yFv92UKZ6Df8WXcKbn08JNL/abvg3FnMAOfakDvUw==

"source-map@>= 0.1.2":
  version "0.7.6"
  resolved "https://registry.yarnpkg.com/source-map/-/source-map-0.7.6.tgz#a3658ab87e5b6429c8a1f3ba0083d4c61ca3ef02"
  integrity sha512-i5uvt8C3ikiWeNZSVZNWcfZPItFQOsYTUAOkcUPGd8DqDy1uOUikjt5dG+uRlwyvR108Fb9DOd4GvXfT0N2/uQ==

source-map@~0.1.33:
  version "0.1.43"
  resolved "https://registry.yarnpkg.com/source-map/-/source-map-0.1.43.tgz#c24bc146ca517c1471f5dacbe2571b2b7f9e3346"
  integrity sha512-VtCvB9SIQhk3aF6h+N85EaqIaBFIAfZ9Cu+NJHHVvc8BbEcnvDcFw6sqQ2dQrT6SlOrZq3tIvyD9+EGq/lJryQ==
  dependencies:
    amdefine ">=0.0.4"

source-map@~0.5.1:
  version "0.5.7"
  resolved "https://registry.yarnpkg.com/source-map/-/source-map-0.5.7.tgz#8a039d2d1021d22d1ea14c80d8ea468ba2ef3fcc"
  integrity sha512-LbrmJOMUSdEVxIKvdcJzQC+nQhe8FUZQTXQy6+I75skNgn3OoQ0DZA8YnFa7gp8tqtL3KPf1kmo0R5DoApeSGQ==

static-eval@~0.2.0:
  version "0.2.4"
  resolved "https://registry.yarnpkg.com/static-eval/-/static-eval-0.2.4.tgz#b7d34d838937b969f9641ca07d48f8ede263ea7b"
  integrity sha512-6dWWPfa/0+1zULdQi7ssT5EQZHsGK8LygBzhE/HdafNCo4e/Ibt7vLPfxBw9VcdVV+t0ARtN4ZAJKtApVc0A5Q==
  dependencies:
    escodegen "~0.0.24"

static-module@^1.0.0:
  version "1.5.0"
  resolved "https://registry.yarnpkg.com/static-module/-/static-module-1.5.0.tgz#27da9883c41a8cd09236f842f0c1ebc6edf63d86"
  integrity sha512-XTj7pQOHT33l77lK/Pu8UXqzI44C6LYAqwAc9hLTTESHRqJAFudBpReuopFPpoRr5CtOoSmGfFQC6FPlbDnyCw==
  dependencies:
    concat-stream "~1.6.0"
    duplexer2 "~0.0.2"
    escodegen "~1.3.2"
    falafel "^2.1.0"
    has "^1.0.0"
    object-inspect "~0.4.0"
    quote-stream "~0.0.0"
    readable-stream "~1.0.27-1"
    shallow-copy "~0.0.1"
    static-eval "~0.2.0"
    through2 "~0.4.1"

string_decoder@~0.10.x:
  version "0.10.31"
  resolved "https://registry.yarnpkg.com/string_decoder/-/string_decoder-0.10.31.tgz#62e203bc41766c6c28c9fc84301dab1c5310fa94"
  integrity sha512-ev2QzSzWPYmy9GuqfIVildA4OdcGLeFZQrq5ys6RtiuF+RQQiZWr8TZNyAcuVXyQRYfEO+MsoB/1BuQVhOJuoQ==

string_decoder@~1.1.1:
  version "1.1.1"
  resolved "https://registry.yarnpkg.com/string_decoder/-/string_decoder-1.1.1.tgz#9cf1611ba62685d7030ae9e4ba34149c3af03fc8"
  integrity sha512-n/ShnvDi6FHbbVfviro+WojiFzv+s8MPMHBczVePfUpDJLwoLT0ht1l4YwBCbi8pJAveEEdnkHyPyTP/mzRfwg==
  dependencies:
    safe-buffer "~5.1.0"

through2@~0.4.1:
  version "0.4.2"
  resolved "https://registry.yarnpkg.com/through2/-/through2-0.4.2.tgz#dbf5866031151ec8352bb6c4db64a2292a840b9b"
  integrity sha512-45Llu+EwHKtAZYTPPVn3XZHBgakWMN3rokhEv5hu596XP+cNgplMg+Gj+1nmAvj+L0K7+N49zBKx5rah5u0QIQ==
  dependencies:
    readable-stream "~1.0.17"
    xtend "~2.1.1"

tsne-js@^1.0.3:
  version "1.0.3"
  resolved "https://registry.yarnpkg.com/tsne-js/-/tsne-js-1.0.3.tgz#9dca61a6edabf0d0b62ea8490890c31fc7a735f7"
  integrity sha512-qFHOgQaOR3/OaE1Gvs5KLj3N8ppWt7U/nvEJohzRAtrOxWeTKEK2wMh1fhIoRRiY/WGrN+BSrzgYhVOsIE38vg==
  dependencies:
    cwise "^1.0.9"
    ndarray "^1.0.18"
    ndarray-ops "^1.2.2"
    ndarray-pack "^1.2.0"
    ndarray-unpack "^1.0.0"

typedarray@^0.0.6:
  version "0.0.6"
  resolved "https://registry.yarnpkg.com/typedarray/-/typedarray-0.0.6.tgz#867ac74e3864187b1d3d47d996a78ec5c8830777"
  integrity sha512-/aCDEGatGvZ2BIk+HmLf4ifCJFwvKFNb9/JeZPMulfgFracn9QFcAf5GO8B/mweUjSoblS5In0cWhqpfs/5PQA==

uglify-js@^2.6.0:
  version "2.8.29"
  resolved "https://registry.yarnpkg.com/uglify-js/-/uglify-js-2.8.29.tgz#29c5733148057bb4e1f75df35b7a9cb72e6a59dd"
  integrity sha512-qLq/4y2pjcU3vhlhseXGGJ7VbFO4pBANu0kwl8VCa9KEI0V8VfZIx2Fy3w01iSTA/pGwKZSmu/+I4etLNDdt5w==
  dependencies:
    source-map "~0.5.1"
    yargs "~3.10.0"
  optionalDependencies:
    uglify-to-browserify "~1.0.0"

uglify-to-browserify@~1.0.0:
  version "1.0.2"
  resolved "https://registry.yarnpkg.com/uglify-to-browserify/-/uglify-to-browserify-1.0.2.tgz#6e0924d6bda6b5afe349e39a6d632850a0f882b7"
  integrity sha512-vb2s1lYx2xBtUgy+ta+b2J/GLVUR+wmpINwHePmPRhOsIVCG2wDzKJ0n14GslH1BifsqVzSOwQhRaCAsZ/nI4Q==

umap-js@^1.3.3:
  version "1.4.0"
  resolved "https://registry.yarnpkg.com/umap-js/-/umap-js-1.4.0.tgz#342aa19f8fdb1ca7a071809bfbcb8b120024d84f"
  integrity sha512-xxpviF9wUO6Nxrx+C58SoDgea+h2PnVaRPKDelWv0HotmY6BeWeh0kAPJoumfqUkzUvowGsYfMbnsWI0b9do+A==
  dependencies:
    ml-levenberg-marquardt "^2.0.0"

uniq@^1.0.0:
  version "1.0.1"
  resolved "https://registry.yarnpkg.com/uniq/-/uniq-1.0.1.tgz#b31c5ae8254844a3a8281541ce2b04b865a734ff"
  integrity sha512-Gw+zz50YNKPDKXs+9d+aKAjVwpjNwqzvNpLigIruT4HA9lMZNdMqs9x07kKHB/L9WRzqp4+DlTU5s4wG2esdoA==

util-deprecate@~1.0.1:
  version "1.0.2"
  resolved "https://registry.yarnpkg.com/util-deprecate/-/util-deprecate-1.0.2.tgz#450d4dc9fa70de732762fbd2d4a28981419a0ccf"
  integrity sha512-EPD5q1uXyFxJpCrLnCc1nHnq3gOa6DZBocAIiI2TaSCA7VCJ1UJDMagCzIkXNsUYfD1daK//LTEQ8xiIbrHtcw==

window-size@0.1.0:
  version "0.1.0"
  resolved "https://registry.yarnpkg.com/window-size/-/window-size-0.1.0.tgz#5438cd2ea93b202efa3a19fe8887aee7c94f9c9d"
  integrity sha512-1pTPQDKTdd61ozlKGNCjhNRd+KPmgLSGa3mZTHoOliaGcESD8G1PXhh7c1fgiPjVbNVfgy2Faw4BI8/m0cC8Mg==

wordwrap@0.0.2:
  version "0.0.2"
  resolved "https://registry.yarnpkg.com/wordwrap/-/wordwrap-0.0.2.tgz#b79669bb42ecb409f83d583cad52ca17eaa1643f"
  integrity sha512-xSBsCeh+g+dinoBv3GAOWM4LcVVO68wLXRanibtBSdUvkGWQRGeE9P7IwU9EmDDi4jA6L44lz15CGMwdw9N5+Q==

xtend@~2.1.1:
  version "2.1.2"
  resolved "https://registry.yarnpkg.com/xtend/-/xtend-2.1.2.tgz#6efecc2a4dad8e6962c4901b337ce7ba87b5d28b"
  integrity sha512-vMNKzr2rHP9Dp/e1NQFnLQlwlhp9L/LfvnsVdHxN1f+uggyVI3i08uD14GPvCToPkdsRfyPqIyYGmIk58V98ZQ==
  dependencies:
    object-keys "~0.4.0"

yargs@~3.10.0:
  version "3.10.0"
  resolved "https://registry.yarnpkg.com/yargs/-/yargs-3.10.0.tgz#f7ee7bd857dd7c1d2d38c0e74efbd681d1431fd1"
  integrity sha512-QFzUah88GAGy9lyDKGBqZdkYApt63rCXYBGYnEP4xDJPXNqXXnBDACnbrXnViV6jRSqAePwrATi2i8mfYm4L1A==
  dependencies:
    camelcase "^1.0.2"
    cliui "^2.1.0"
    decamelize "^1.0.0"
    window-size "0.1.0"
